version: 1
checksums:
  55dc377b5e931bfc64e4add83e35d9ea:
    app/name: ed6ac43f66402e898f54fb50a11046c1
    app/tagline: 505b10634f32dc7580172e70b35629d7
    common/actions/back: 3307b46d8e54605dd8bc83c17112af28
    common/actions/save_changes: d895276cde226e9225eca1e74aa799f4
    common/actions/cancel: 2e2a849c2223911717de8caa2c71bade
    common/actions/verify: 6ad4aad279b2411ee9bf24a43e37ae03
    common/actions/skip: b7f28dfa2f58b80b149bb82b392d0291
    common/actions/close: 2c2e22f8424a1031de89063bd0022e16
    common/actions/minimize: 5e1c3f49e6aed756467f4d13dfc55a06
    common/actions/retry: 6e44d18639560596569a1278f9c83676
    common/actions/start: dbe56303d9a6d3fad1a8d4cbcc97f365
    common/actions/register: 70217f3c73ff414d22893a4f13be84d6
    common/actions/invite: 181884cea804cbde665f160811ee7ad0
    common/actions/view_details: f89b1a0b178c4e8448cdbee27998ed03
    common/actions/explore: 69560a8d5ef8a05a483e58e427ff76ed
    common/actions/sign_out: 06efb815f8e1f5d09e63d262ba48b4e7
    common/actions/new: 126d036fae5fb6b629728ecb97e6195b
    common/actions/sign_in: cb8757c7450e17de1e226e82fb0fa4a2
    common/actions/implement: dc37239de2fd56974ea11a4339bad893
    common/actions/menu: 520968a9770cddeb6d339c0fcbd70240
    common/actions/settings: 8df6777277469c1fd88cc18dde2f1cc3
    common/errors/404/message: ec922a367bc6419d1a93861970a2ba7b
    common/errors/404/action: b45ee867fba0be99c9de94c157a7e441
    common/language/select: d75cf5fbce8a4c7a9055e2210af74480
    common/language/ai_powered_translations: 0bb305a24a3d51d98992ec3e8f84e9c6
    nav/main/dashboard: 922c9fee94810ac36d64b0b4359e0dba
    nav/main/transactions: 59973447457c6bd57c161d594f551651
    nav/main/vortexai: 5533ae6930ddd4cd97de7dc976dc6311
    nav/main/settings: 8df6777277469c1fd88cc18dde2f1cc3
    nav/main/user_management: 82b1e7d9d4c8a8592d956c2ef21bd58c
    nav/secondary/notifications: c52df856139b50dbb1cae7bfb1cf73bb
    nav/secondary/security: 4b34923fef858a2b9a4a914c3e822889
    nav/secondary/help_support: 662d807b3768c9753238bd5f1c86d2f6
    index/hero/title: aefba83bafcfda4533c792d9f56b151c
    index/hero/subtitle: 53fab2ef110dc9dd930dc3778b2b1f2d
    index/nav/ecosystem: 658eaa5606ed3246ed4d36c6a719f65d
    index/nav/features: 341ff316a339b106a178f0b8d362951b
    index/nav/pricing: ce27f1aeacccc542a174c4b2bce022b0
    index/nav/support: 55aab5fd0f31a9cb055a2edeeedfaf63
    dashboard/title: c9380ea68c8c76ea451bd9613329a07c
    dashboard/welcome: 73a14dec47209de4d591969af14f83d7
    dashboard/total_balance: fd1144e816cfaf16c396da0540d57f8c
    dashboard/monthly_income: 03a2f587aa8e91a7e36730e819c2dc6a
    dashboard/monthly_expenses: 268ffd7afe08c213263548a04a30ab61
    dashboard/recent_transactions: c1adc026ca419c2e105271ce9155f17a
    dashboard/quick_actions/title: 157a51ac3ffbc527a52379a547499fe2
    dashboard/quick_actions/mobile_services/label: 53f5f3df62d0d4d311ebfc4d33f9602a
    dashboard/quick_actions/mobile_services/description: a2e007097be5692d0273ef30e3cf2330
    dashboard/quick_actions/save_invest/label: bf065d1909e1c7ea7aa56a03b01fc17f
    dashboard/quick_actions/save_invest/description: d1311cd4a6f89c2a85a2ffaa2d3d49b2
    dashboard/quick_actions/analytics/label: ec67586974cc78f25959d47bb36683a7
    dashboard/quick_actions/analytics/description: e064ace9f72a5fad10c66653541ae042
    dashboard/quick_actions/premium/title: 13de794fc88753238cc40d86ffa9012d
    dashboard/quick_actions/premium/upgrade_cta: 972773025e763ddf53273df6d37a729a
    dashboard/quick_actions/ai_advisor/label: 985e60bff74281b0c9db542d6eb8dce7
    dashboard/quick_actions/ai_advisor/description: 6e1021588455a39391d07bb0ef6ea99e
    dashboard/quick_actions/advanced_analytics/label: 966f8f30c70d90026d5e127b276f8886
    dashboard/quick_actions/advanced_analytics/description: 4afb954340bb0cf134de70d2cfb04e54
    dashboard/quick_actions/fraud_protection/label: 2f4d6bea87d1c421d6e32c2c8209e272
    dashboard/quick_actions/fraud_protection/description: e2595c21cec3fb3233e3579d6d700a4c
    dashboard/quick_actions/family_banking/label: d9305819ff894a3f829030693843be73
    dashboard/quick_actions/family_banking/description: 20abe8e956c1b7fb1f9c79e4a7b8b1ad
    dashboard/badge/pro: 682b3c9feab30112b4454cb5bb7974b1
    dashboard/greeting/time_based: 3e9bf1062ecbfc1e7265718df436d986
    dashboard/header/subtitle: 38496fcd9bd65fa3e1c874acf6cfe906
    dashboard/actions/new_transaction: 2124f01ef18323329da0858dc8bd8896
    dashboard/balance/total: fd1144e816cfaf16c396da0540d57f8c
    dashboard/balance/tracking_hint: 40c02f1e334e826c0f64100cce9ae25b
    dashboard/balance/connect_prompt: c6ef45a5d5e20b402338773c57ea5204
    dashboard/transactions/title: c1adc026ca419c2e105271ce9155f17a
    dashboard/transactions/filters/search: 49dd6c21604b5e8d4153ff1aff2177e1
    dashboard/transactions/filters/filter: 626325a05e4c8800f7ede7012b0cadaf
    dashboard/transactions/filters/date: 56f41c5d30a76295bb087b20b7bee4c3
    dashboard/transactions/filter_all: 5e2e93f8e2a5f315b6fecdd0a0e6f55f
    dashboard/transactions/filter_income: 398bff8476817f942c70c4aadad5dd91
    dashboard/transactions/filter_expenses: 1746536359bb638c45a12980ab3aac3a
    dashboard/transactions/credit: 2d447a71ec815a039f175e94fbb12a56
    dashboard/transactions/debit: 1b35db901aa1aeed8ee79aec6d807731
    dashboard/transactions/view_all: 3eda23f13a47971a84ee7456b61c8a97
    dashboard/transactions/empty: ce86af4cc79293948fe016bb5ebe8a9d
    dashboard/shortcuts/title: acec6f420f153e292c0aefc52c66d0d6
    dashboard/shortcuts/split_bill/label: 0fa1bb8c00ca9c6b9ece572c634cc13d
    dashboard/shortcuts/split_bill/description: 75eea12288d60fedc7dde051e61e98c2
    dashboard/shortcuts/auto_save/label: 580d87c34495bf82523db42e9be458fa
    dashboard/shortcuts/auto_save/description: 4ca03ce87d2317a64fd7ec02317d1ed4
    dashboard/ai_insights/title: 3891946b626c4b1a21b870aed6770ab7
    dashboard/ai_insights/subtitle: ca095d760338dd37e4e214e2ee911263
    dashboard/ai_insights/live_badge: 77a9c14fc9762e0e058e9b5ae04c8d15
    dashboard/ai_insights/spending_down: e865dba2f5d802ca974d7d5c8722095d
    dashboard/ai_insights/comparison: 642c3b71173b2adbd876aa05d53d47cf
    dashboard/ai_insights/savings_tip: 1cf646048c5aeb958f14a9f756664a1d
    dashboard/ai_insights/savings_category: b4f3402257c1a3df3cd1bc6ebd8987a4
    dashboard/ai_insights/investment/title: 79017b53363f0a07d9743078cc773e67
    dashboard/ai_insights/investment/subtitle: 6147ed88c0f4ba30230563f4192f133d
    dashboard/ai/title: 3891946b626c4b1a21b870aed6770ab7
    dashboard/ai/subtitle: acf65c5d3b74d119aa86f29dfdcf0cd7
    dashboard/ai/live_badge: b45a5e5bd84c52f89687f69403acf005
    dashboard/ai/tip_saving/title: aa674d40a16b4a2d1b7fc1024451fd5b
    dashboard/ai/tip_saving/description: b74ca29fd66a96fbbe180681c671f610
    dashboard/ai/budget_alert/title: 96cf95a7ce93c56e3193df9b531f2477
    dashboard/ai/budget_alert/description: 7c143cb9510f9aa2644fe4779dac9878
    dashboard/ai/budget_alert/action: 3f12ef0ffa9505542f0201cfd052182c
    dashboard/ai/investment_ready/title: bb34a2370b4ea08367b6fa32bdde539a
    dashboard/ai/investment_ready/description: 372d3c5e0024e71ab364d80c4c33f21e
    dashboard/ai/savings/on_track: b1a84d2d1c659d6d61fd8665d17d4707
    dashboard/analytics/spending_trends/title: cb84b69193880619a69acf98f0ed6f97
    dashboard/analytics/trends_change: fc45bed7d20e1ccc8aa7e7fbcb68df28
    dashboard/analytics/average_monthly: 89e3b7791297abda63c8b2b95895b6ab
    dashboard/analytics/this_month: 374d33583fae2a69b56e100562c7b973
    dashboard/analytics/category_breakdown/title: 5cf4b773ffaee4984451d2138294f9d3
    dashboard/analytics/savings_growth/title: 8a5dc09971a2c8adb5d56297a98abde9
    dashboard/analytics/goal_label: 68001b23ec4d2198ec9afaf35bcd50ae
    dashboard/analytics/current_month: c97093eeb7e7669c1366b3dae828b8e1
    dashboard/smart_actions/title: 4b44f5df6ebf6ca16e8c95d42d798afc
    dashboard/smart_actions/create_budget/label: b164b1d195e2b5408fe49cebcea7470b
    dashboard/smart_actions/create_budget/description: 0a3f476019c5044ee2a43283b1d7ee09
    dashboard/smart_actions/investment_advisor/label: cc28a0e5c6e0c29575b79965a6ab2deb
    dashboard/smart_actions/investment_advisor/description: 6e1021588455a39391d07bb0ef6ea99e
    dashboard/smart_actions/health_check/label: a9587264d511eb5ea2d2ea708134075d
    dashboard/smart_actions/health_check/description: 19e46290197a776bf7848fad9538964b
    transactions/title: 59973447457c6bd57c161d594f551651
    transactions/page_subtitle: 8f5260b21395480a8eb81d98215b1a31
    transactions/add_transaction: 2cf15d46ebe843aa7f9667ca6560a406
    transactions/amount: a0ae9c6ff98b57475cdce56f66066aa4
    transactions/description: e17686a22ffad04cc7bb70524ed4478b
    transactions/category: 1b0340cd175aa5a2be745a0d54908466
    transactions/date: 56f41c5d30a76295bb087b20b7bee4c3
    transactions/no_transactions: 15f5fee32cbd24775ccda66e8ca83132
    transactions/filters/date_range: 9b3aa5954144de586931f60ef9594e99
    transactions/filters/export: 709afbc86c5fdca279a111ea8e49d1c9
    transactions/filters/search_placeholder: c53ace279775795e9c9825f3aed90f22
    transactions/actions/new: 2124f01ef18323329da0858dc8bd8896
    transactions/tabs/all: 0788f9fe612abf449a2423d6d6ecde9f
    transactions/tabs/income: 398bff8476817f942c70c4aadad5dd91
    transactions/tabs/expenses: 1746536359bb638c45a12980ab3aac3a
    transactions/tabs/pending: 030a6f3395d5d4efddd3cc67d6009039
    transactions/tabs/income_empty: 7cd678b814088fdbf6456d11b18f9ec5
    transactions/tabs/expense_empty: 5cc25224665c2f21276ea0497cd7fdff
    transactions/tabs/pending_empty: 825962762cd7889adfd85030f246db0d
    transactions/table/headers/date: 56f41c5d30a76295bb087b20b7bee4c3
    transactions/table/headers/description: e17686a22ffad04cc7bb70524ed4478b
    transactions/table/headers/category: 1b0340cd175aa5a2be745a0d54908466
    transactions/table/headers/reference: fbba6b416a620e774c0fa80e167e5d46
    transactions/table/headers/amount: a0ae9c6ff98b57475cdce56f66066aa4
    transactions/table/headers/status: 4e1fcce15854d824919b4a582c697c90
    transactions/table/empty: 15f5fee32cbd24775ccda66e8ca83132
    transactions/types/deposit: e233d53e369427d12f87d610bcf56ccb
    transactions/types/withdrawal: 90991ef39c923572c15cac977346ee77
    transactions/types/transfer: f6857a31ccaf2033cb1c21133d3151f5
    transactions/types/payment: 95142d3fd8b6a6f551aba771842e9c11
    insights/title: feb0c7528a3eca4ae226b362b8c46640
    insights/description: 5dab51dcb424ba34c9cd9100bf0e5af7
    insights/spending_trends: cb84b69193880619a69acf98f0ed6f97
    insights/category_breakdown: 0133a10f11eec562a550d0bf9b07c982
    insights/cash_flow_analysis: e578fd1fac064f3db44a4647f959e186
    insights/recommendations_summary: 9634bd285dda393e0ed059ee69a9ef3e
    insights/financial_overview/title: a426b60fe2814487e4aae8b9f05efe60
    insights/financial_overview/description: b948cc55baa3c1faea02a6a822c3731d
    insights/financial_overview/badge: 6973338379aec2794128c484a7910f6a
    insights/tabs/overview: 30c54e4dc4ce599b87d94be34a8617f5
    insights/tabs/income: 398bff8476817f942c70c4aadad5dd91
    insights/tabs/expenses: 1746536359bb638c45a12980ab3aac3a
    insights/tabs/savings: d4188fd5e78ab7e1c1f199e3c6d81387
    insights/tabs/bank_statements: 83af20f0f209f5c553a4b08da092d388
    insights/tabs/income_empty: 616fd91ae856f827993f5cedc70c2af3
    insights/tabs/expenses_empty: ed70478a68159a273cc6e732d06f86b6
    insights/tabs/savings_empty: 3ac73cff32b421d4ea1e5ea4643564c4
    insights/actions/time_period: 2c4e13240dd7952069174ea06c9265b3
    insights/actions/filter: 626325a05e4c8800f7ede7012b0cadaf
    insights/actions/export: 709afbc86c5fdca279a111ea8e49d1c9
    insights/cash_flow/title: 03efb740b2293e97715e0a6f2d4ddddc
    insights/bank_statement/invalid_file_type: f0c83e7d61dbad8250abb59869af4b9e
    insights/bank_statement/upload_hint: 250b7fd996b651953f1d89da836e5959
    insights/bank_statement/coming_soon: b86516fd8286fbae4061af58f64ab484
    insights/bank_statement/coming_soon_description: d7e5254f8168d50c0f5018aef27accb6
    insights/bank_statement/title: 16ed78b433fd1dc40b969728c48c8000
    insights/bank_statement/upload_title: 1302aea16ce37298007522c6dced2829
    insights/bank_statement/upload_description: 23f5968c376fa1734f8d05e4e0c8cbd4
    insights/bank_statement/uploading: e66f5e2481468259df1f9fd2acdab879
    insights/bank_statement/upload_cta: 89c54a3a0fd7f74e3bac4790cddedb38
    insights/performance/title: 4d67c1a94f50481ac0f2bdbb72023064
    insights/performance/trend_title: 147990968d1c100e63ed67a3890b41e3
    insights/performance/avg_query_time: 3205288dac5d13ca9022b9a99665a63e
    insights/performance/target_ms: 59c48390ec1c5b5115c71a6130d2af95
    insights/performance/cache_hit_rate: 6a342520cb5ecc2913def2c5f2493545
    insights/performance/slow_queries: 07111c5a6614f0711c7b061d153da45b
    insights/performance/target_slow_queries: 702e234a940e903752f9d4d19456d432
    insights/recommendations/title: 22ea82f739e617269adc6e6dd6cc07ed
    insights/recommendations/implementation/title: 7c46f3b007fd981c570e0f72d2eb9264
    virtual_cards/title: 509514057695735e6bfe26b81eed8e70
    virtual_cards/create_card: f8af7a05717bcc98dfa3a0720ef1efd0
    virtual_cards/card_number: 67227b10d7b0dafdb8762054876c96db
    virtual_cards/expiry_date: aeb87e6edea250c21c47173b090ab38c
    virtual_cards/cvv: f98dfe908dec1a8e6eacac195a2db29b
    virtual_cards/spending_limit: d8164600e943d07a5f034ef130457ce4
    virtual_cards/page_description: 54fa53c522151ed46435295a31a560d7
    virtual_cards/security_banner: 63b6527e1c0366b3936ec7fef92f646c
    virtual_cards/errors/load_failed: afd4fbf7bbac2bd12e8fbf1788867463
    virtual_cards/errors/transactions_load_failed: 4a556540372ba505190da6ba54c9a0b8
    virtual_cards/errors/create_failed: fad7befc6054d8c51cd9bb6049a93395
    virtual_cards/errors/toggle_lock_failed: ed5e5839f46b4ae59e0b9e735fa87a61
    virtual_cards/errors/load_details_failed: 572301733b6fbe92809fc43401971970
    virtual_cards/create/success: f81d9792c315a9f94fb7aee75836280b
    virtual_cards/create/dialog/title: f8af7a05717bcc98dfa3a0720ef1efd0
    virtual_cards/create/dialog/description: d5f8515679ce8f02a688675908d75a50
    virtual_cards/card/unlock_success: f222572710810c522d12f71c8f28e892
    virtual_cards/card/lock_success: ad16b5e5fff7e8c0a9f0a40db97981d0
    virtual_cards/card/unlock_description: 44078aed8fc604e29085e3eb604d7a4e
    virtual_cards/card/lock_description: d56d1172530fd350241698a74577461b
    virtual_cards/card/status/locked: 30950d887a19841aa481091affd091e6
    virtual_cards/card/status/active: 3e1ec025c4a50830bbb9ad57a176630a
    virtual_cards/card/copied: 9d512352dcca59e294c785f69343f72d
    virtual_cards/card/details_title: 64f39fb99969c492587a32cbdeca2291
    virtual_cards/card/description: 09689c9cfa651588f25947f184a3682a
    virtual_cards/card/fields/number_label: 67227b10d7b0dafdb8762054876c96db
    virtual_cards/card/fields/expiry_label: aeb87e6edea250c21c47173b090ab38c
    virtual_cards/card/fields/cvc_label: 31e44946a1af23afb0a28f5f4f88b04b
    virtual_cards/card/fields/status_label: 4e1fcce15854d824919b4a582c697c90
    virtual_cards/card/fields/created_label: 6045b4ff97fb7dca19ebadfa2e34a700
    virtual_cards/card/security_title: 4b34923fef858a2b9a4a914c3e822889
    virtual_cards/card/security_description: 4868d17d9fd622ba5ece6377c959e90b
    virtual_cards/card/actions/loading: 468f9c8f1528d1bac933083827da272d
    virtual_cards/card/actions/hide_details: b52646199978fd2098e4e5e7d4594ad1
    virtual_cards/card/actions/show_details: ccbc79ca9d36fc3fbe011d8c34ff2b29
    virtual_cards/card/actions/unlock: ee89bd415ba2e0911dcff0cde08411ed
    virtual_cards/card/actions/lock: cf6e1f44b0574a7dcdf07885de6c7efe
    virtual_cards/tabs/details: 64f39fb99969c492587a32cbdeca2291
    virtual_cards/tabs/transactions: 59973447457c6bd57c161d594f551651
    virtual_cards/list/title: c34fb3495affc41e16281ed69ce5eb6a
    virtual_cards/transaction_history/title: 7dc0729b2cd4d854f57348269d495010
    virtual_cards/transaction_history/description: 8068ee54ea998f79a33ddc756927ce60
    virtual_cards/transaction_history/empty/title: 2fe6d0151988d3a1e4271524f3aae8f1
    virtual_cards/transaction_history/empty/description: 325b2f8d1622f09602b88921cfd43b27
    virtual_cards/no_selection/title: 517547671720c240a404aa750ce97c34
    virtual_cards/no_selection/description: b93c1e47e8f73b0988c75cec579a0c5a
    virtual_cards/form/fields/cardholder_name: 7002cd91b81964218d3a8f0abd12db74
    virtual_cards/form/fields/cardholder_name_placeholder: d91c6e2fc27de638802744fc45cc1ca5
    virtual_cards/form/fields/currency: d2ba9a9cea418ea653e3ca6785617a3f
    virtual_cards/form/fields/currency_placeholder: a7604892fc4bfe50ead2ba5d5dd95c9c
    virtual_cards/form/fields/spending_limit: d8164600e943d07a5f034ef130457ce4
    virtual_cards/form/fields/limit_amount: a0ae9c6ff98b57475cdce56f66066aa4
    virtual_cards/form/fields/limit_amount_placeholder: 2bf76cb0b75e87e3e635259f97ae8089
    virtual_cards/form/fields/limit_interval: 5af7bb003b4c592d32e7755cd72ddabf
    virtual_cards/form/fields/limit_interval_placeholder: 660c9a0487ad053f62e25aada5ebdab3
    virtual_cards/form/actions/creating: 6c5e2e5b84c43b7642db738a7f2d19a2
    virtual_cards/form/actions/create: f8af7a05717bcc98dfa3a0720ef1efd0
    settings/title: 8df6777277469c1fd88cc18dde2f1cc3
    settings/account: 90c84d04385b6a85b13a37a4d5357a2c
    settings/security: 4b34923fef858a2b9a4a914c3e822889
    settings/notifications: c52df856139b50dbb1cae7bfb1cf73bb
    settings/preferences: e3f4cfb8373d2b888a0c38e743de0e19
    settings/two_factor: 8bc1572b5995cc2b222f381d0f75d873
    settings/page_description: 101c5404bc48a45c46614d7a4f9bdbe9
    settings/notifications_saved/title: 260e10a61200b581616d766f3af5ae52
    settings/notifications_saved/description: 390a444fc78eea813fb2901164c11a20
    settings/sections/personal: 1c619008563115c5c99acdab4e8c9717
    settings/sections/business: f0c4706d3219ad43f624121b17de1c8a
    settings/sections/billing: 92fd054f4ff01e3e1c53db8611ba28ae
    settings/sections/notifications: c52df856139b50dbb1cae7bfb1cf73bb
    settings/sections/global: ba55734261d6bc26e792fda32de3e7ec
    settings/personal/profile/label: 5c261be5e4ff8dff492f301ebc2b70d8
    settings/personal/security/label: fbfef260b755f140258f70783c81cbea
    settings/personal/account_security/label: b425cdf570c39083fb53c6405ea60259
    settings/personal/cookies/label: 437f7b64abc3487859681be06cdb6120
    settings/profile/title: 5c261be5e4ff8dff492f301ebc2b70d8
    settings/profile/description: bd013006ada5624968a1814e7def101b
    settings/profile/about_title: 2da4fe268a8a14fcfe72b6691b43607e
    settings/profile/fields/full_name: ba3094a10db2bb9234cb7e0dc86e40fd
    settings/profile/fields/email: 0ee22bbbe989a0c61a18023407d12dc2
    settings/profile/fields/phone: 704845f9e3c7c39379047333e20d2bed
    settings/profile/fields/occupation: d1c12eb2fa025db12eb25d8d9f202f9d
    settings/profile/fields/income_range: e05320e5d753625f9f8bea4fa3025a21
    settings/profile/fields/financial_goals: 5c0103593fd8cf6df228e79e1ae6b89f
    settings/profile/identity/title: 9bb1405ec22722bbeb3f20d61cab6c93
    settings/profile/identity/description: e3854f272690bb158facbd8a03c796a9
    settings/profile/identity/verify_button: 8428273dd7ee2999fdad013c90092009
    settings/profile/identity/action: dbe56303d9a6d3fad1a8d4cbcc97f365
    settings/security_section/title: fbfef260b755f140258f70783c81cbea
    settings/security_section/description: 49812906667d306dc5853010b5a151b6
    settings/security_section/fields/current_password: 2e186f3990c3fcacb1f892c94f7ecae1
    settings/security_section/fields/new_password: 80d809edd5d1b66123b18faaac10537b
    settings/security_section/fields/confirm_password: d3194bdcb74c9a912c67d7e1b030b88a
    settings/security_section/two_factor/title: bc68ddd9c3c82225ef641f097e0940db
    settings/security_section/two_factor/description: a2614659b6ca606858944c39f5257d53
    settings/security_section/biometric/title: 4ab36ab0319132f588f1d22cb6601f76
    settings/security_section/biometric/description: bf27ea6fec8e0b078fd6c4909f931371
    settings/security_section/actions/update: f05683f9b928cb524412479e231754dd
    settings/business/title: 1e0002767fc68156d3ad2f4e575090f2
    settings/business/description: ea1838ca3c5b1fdb78ab92215d65fcec
    settings/business/registration/label: 1e0002767fc68156d3ad2f4e575090f2
    settings/business/public_profile/label: 3c02fbd37012d67dc4dcfb28e69fcb52
    settings/business/register/title: 1f7cae90757dccfbf2d7fff052e72b00
    settings/business/register/description: 64aa42bd605323855155ff659065b2d3
    settings/business/user_management/title: 82b1e7d9d4c8a8592d956c2ef21bd58c
    settings/business/invite/title: 2485e3adb99027f9615976fd070f5649
    settings/business/invite/description: b8fa5c4f7d16843d7105d99fdb33fd01
    settings/notifications_preferences/title: d530d68bff011161294d6e84799164c8
    settings/notifications_preferences/description: 18e19390a49cd1c875ad79ca60aa778c
    settings/notifications_preferences/email/title: 732b7ca23498e2956f674fa32a320192
    settings/notifications_preferences/email/description: 6b644e86637f04dfeff5ad7716b2fa8f
    settings/notifications_preferences/push/title: e771f23130f9aab4f3e2e99acacf5d5a
    settings/notifications_preferences/push/description: 30f473cdcfdd067dca6f8774ffeb3272
    settings/notifications_preferences/alert_types/title: 9a7b2718329dda6115a4d43b1c12b591
    settings/notifications_preferences/alerts/transaction/title: b484f457a16c67005b24de02de90861b
    settings/notifications_preferences/alerts/transaction/description: 1e81a53217fb58b96021e2e34c59624d
    settings/notifications_preferences/alerts/security/title: bf005a9305bdcab0a051bce1ef6d99d3
    settings/notifications_preferences/alerts/security/description: 1c22c5d6812ec4e4f2a6a0e38c52c0cc
    settings/notifications_preferences/alerts/marketing/title: c87469a5955fa0dcdeba706a9384c8fb
    settings/notifications_preferences/alerts/marketing/description: 06eca8a5f8fdc71fd968eb08bf342216
    settings/notifications_preferences/actions/save: 2bcb32e49e9bc66e3b8b04fdcf80057f
    settings/notifications_preferences/preferences/label: d530d68bff011161294d6e84799164c8
    settings/billing/subscription/label: 9ed01fe89c3d035318f8b2e6e11a3a92
    settings/billing/tax/label: 3230649995d5b3f56b1b79bd39df6d62
    settings/global/currency_language/label: ca06de337fd27e69a86a020046e43834
    settings/theme/label: 21fe00b7a518089576fb83c08631107a
    settings/theme/options/light: bb78ea2c6edd8662676c81a8a13ecb93
    settings/theme/options/dark: 73e6e208ba628b26e90fcf6dce15e1b2
    settings/theme/options/system: 803281c327a02a2feba182f4a2b38311
    settings/theme/toggle: dd03ee6b83901fc440f90236483dafc5
    subscription/title: 9ed01fe89c3d035318f8b2e6e11a3a92
    subscription/description/active: c76fc8f75d9aac4f6a72ec1ee6ba5c43
    subscription/description/inactive: 08aabc90c023b5fde158d0b57503c525
    subscription/current_plan: 97fea6293aa86768b53b50f581c5f79c
    subscription/status/active: 3e1ec025c4a50830bbb9ad57a176630a
    subscription/status/inactive: 239e3b722db75bbafc6c628a2685eed2
    subscription/status/cancelled: a2bf1284fcc69487979e3c21bd5e840b
    subscription/status/past_due: 1cc4377748f1af859b0956ae04f55e20
    subscription/status/trialing: 4fd32760caf3bd7169935b0a6d2b5b67
    subscription/status/free: 0326365539c004f6088656f692602078
    subscription/renews: e4a9a6fb0617ac900cd5f7e8f1895837
    subscription/cancels: 33f2ac8a470cc19c7b6bbaeecaf2ee55
    subscription/plans/pro/name: 682b3c9feab30112b4454cb5bb7974b1
    subscription/plans/pro/description: e1ed250b464ea9561f1bee818e7e5b99
    subscription/plans/enterprise/name: c70474271708e5b27392fde87462fa26
    subscription/plans/enterprise/description: 043f2d6863f533653e6dc6cb29c2745a
    subscription/actions/manage: 31cafd367fc70d656d8dd979d537dc96
    subscription/actions/upgrade: 2d9d1d4c929442c4ad874d70b6f8910e
    subscription/actions/opening_checkout: 582a2e9c43d04890d9c256b08eca5972
    subscription/actions/refresh: d67f09facf14dedea6d2ad88f3fcef38
    notifications/payment_success/title: 3ca443a27167eaffb38e2ca2a3744593
    notifications/payment_success/description: 2ed183107d1864b5cb4d3a2cffd01d44
    notifications/ai_insight_available/title: 1704ab0331cceeb4afc0f23925012688
    notifications/ai_insight_available/description: fdade85be6e8196fd81ad5ec2444d8e5
    notifications/ai_insight_available/action: 8dfab34ef713a0816dfdf75a9c5e9e5b
    notifications/security_alert/title: 1c191a8ea7d8450fd007f234deafe409
    notifications/security_alert/description: 0751911237cda14f85db1fa605f40d25
    notifications/panel/title: c52df856139b50dbb1cae7bfb1cf73bb
    notifications/panel/empty: c5b494e7fdc5b11a98ec876401dbb66f
    ai/chat/welcome: b6dc1550c2ce7f16451c74571eea21ad
    ai/chat/intro: 48d23e7632976edf54006cbe2306f125
    ai/chat/title: b1cd78ee210f08028ff54cd6702dddaa
    ai/chat/input_placeholder: ba1b199cc904bca23e7cbe00c0b5a251
    ai/chat/input_placeholder_full: e22d60bc76324f87d0fcc941d2b0d115
    ai/chat/input_placeholder_finance: 52e397283b92f522f86d6d0993a5ff29
    ai/chat/thinking: 51d5f50f85aba4cabedeabcc1300e335
    ai/chat/sending: 9b3372eb8ae59ba9b1e7044ece1f7645
    ai/chat/enter_hint: f2f0d37e04915039b93287e690017764
    ai/chat/shift_enter_hint: 31a0b19eb8b25330ce40c6cc995ba71e
    ai/chat/actions/clear: b98b489b4493b3c50374724f49454d48
    ai/chat/actions/market_data: c96ae0b8208edea8071631cbb9886a20
    ai/chat/cleared: 5afb84d95549d448a7ae5aa2eab78cb9
    ai/chat/cleared_description: 9dd5fc32d77297f9539c41b47acf3079
    ai/chat/error_generic: 1b51ce161657f18422b6ad6bf5beb87f
    ai/chat/unauthenticated_hint: 118ee730c1b05e4076569a1d7e0340df
    ai/chat/new_session: 3d7b701878aca8e2dbb7c6732f7f3bee
    ai/chat/unsaved: ddc9094aecf93ceabe363846756a9925
    ai/chat/history/title: e236db5c24a918136546ea38e60c827e
    ai/chat/history/search_placeholder: f5041d3fafdcf6b2ae0f5c3ab3ea6cba
    ai/chat/history/untitled: db33190095018dacce3cef9ba18faf38
    ai/chat/sessions_count: 94d507af260571f4eb486c756f69e065
    ai/search/placeholder: 58275324c92fb7f59baa2e549003ce69
    ai/search/input_placeholder: 8289aed7b152a409510a8d66ab51a550
    ai/search/suggestions_heading: d3e2e4d20f64514a3833ed3e8a7de675
    auth/login/welcome_title: 04eb2b25343cff8b424a69ff0c9f688a
    auth/login/welcome_subtitle: aea7bb33627832d94502218cb27f3abc
    auth/login/submit: cb8757c7450e17de1e226e82fb0fa4a2
    auth/login/signing_in: 8b6575f119e5836db2ae80aa6b30f09c
    auth/login/remember_me: afc02ff1df56ecf8493e9e201592d764
    auth/login/forgot_password: 707454f0ef158b81060a11f2d9cbce57
    auth/login/no_account: 613efdc05ae6d04b7136d199645c56ac
    auth/login/create_account: 6a11810d313098655e600e0303d455fd
    auth/login/divider: 11a7be95ef4cd680f510166b4d348c7f
    auth/login/success: 658c8ab59ce9d34b35bd7d8b65dd353c
    auth/login/success_description: df5fd6ca2d4b0f6094e6941ce012caf6
    auth/login/fields/email: e7f34943a0c2fb849db1839ff6ef5cb5
    auth/login/fields/email_placeholder: 03e1a04b846b5c2d57591802c4f12c1e
    auth/login/fields/password: 223a61cf906ab9c40d22612c588dff48
    auth/login/fields/password_placeholder: 5ee7cd1a4a7fe6fb896e8a0c4b2d7255
    auth/login/errors/invalid_credentials: 6f92590aa93c8ebf73451df53df42887
    auth/login/errors/auth_error: cba96d05c91507625ef735cf7faddde6
    auth/two_factor/title: 8bc1572b5995cc2b222f381d0f75d873
    auth/two_factor/setup_instructions: ac30ce77bedddd3e5c3569cd3ff555b4
    auth/two_factor/intro_instructions: 90394c72d1d89b6cc10f9f8417130802
    auth/two_factor/qr_code_alt: 8ab04604dd08c6754eee3e3966fe928f
    auth/two_factor/authenticator_hint: 23f90965bf687118bceab670c1f04e7c
    auth/two_factor/setup_cta: 5b1d1b0a952c450ca917482e075715ec
    auth/two_factor/setup_error: 270a85ddf38612cc5bb14f7150decac8
    auth/two_factor/setup_error_generic: f87e3978d9ea9b9698adac6040bddc85
    auth/two_factor/missing_factor_id: eacf3c4419f072984f2ac5c77b024baa
    auth/two_factor/verification_error: 785006973d7c52745ce687c1795b303e
    auth/two_factor/verification_error_generic: afe6e78671ac868a077f8d6272633bf2
    auth/two_factor/verified: 8e8c360c07908d9b3ed94b92b4bde322
    auth/two_factor/authentication_success: b31c927f679aa7b0224f675980cabffd
    auth/biometric/continue: 571bfb9c2b62b6126c7f1f14ba1ce112
    auth/biometric/unavailable/title: 02f10ec5e999973406211af1c6769275
    auth/biometric/unavailable/description: 4f7ff206f21deca58411cfce5612684a
    auth/social/google: 6cc462fb53d90d404f48d5a6695c1de1
    auth/social/twitter: 8ab47cae854e4f275b97d7e19aeb15dc
    auth/social/linkedin: f29b78f253094277c2e9ef79d10b5e4f
    auth/social/instagram: c9555810826c30d571ffae869a236494
    auth/social/error: 231d36bf563f1363336e1fcac11d0dc0
    auth/social/error_generic: d7d4458c8019168b59f4bd0b0ca89c53
    layout/sidebar/aria_label: ce2a88b2016f70bfeb9bfb51bb858cc7
    layout/sidebar/expand: bb39e02ee97f75685875d0b1c89b9c91
    layout/sidebar/collapse: 8bd57070a13fce43a5c2af0d70148784
    layout/sidebar/toggle_title: 8bd57070a13fce43a5c2af0d70148784
